
Microsoft Visual Studio Solution File, Format Version 12.00
# Visual Studio Version 16
VisualStudioVersion = 16.0.30011.22
MinimumVisualStudioVersion = 10.0.40219.1
Project("{9A19103F-16F7-4668-BE54-9A1E7A4F7556}") = "Santex", "Santex\Santex.csproj", "{214888EF-469A-403E-8BAD-3DA35ABFFF81}"
EndProject
Project("{9A19103F-16F7-4668-BE54-9A1E7A4F7556}") = "Domain", "Domain\Domain.csproj", "{3A5FE286-91EC-47DE-8644-0A60D7026FFE}"
EndProject
Global
	GlobalSection(SolutionConfigurationPlatforms) = preSolution
		Debug|Any CPU = Debug|Any CPU
		Release|Any CPU = Release|Any CPU
	EndGlobalSection
	GlobalSection(ProjectConfigurationPlatforms) = postSolution
		{214888EF-469A-403E-8BAD-3DA35ABFFF81}.Debug|Any CPU.ActiveCfg = Debug|Any CPU
		{214888EF-469A-403E-8BAD-3DA35ABFFF81}.Debug|Any CPU.Build.0 = Debug|Any CPU
		{214888EF-469A-403E-8BAD-3DA35ABFFF81}.Release|Any CPU.ActiveCfg = Release|Any CPU
		{214888EF-469A-403E-8BAD-3DA35ABFFF81}.Release|Any CPU.Build.0 = Release|Any CPU
		{3A5FE286-91EC-47DE-8644-0A60D7026FFE}.Debug|Any CPU.ActiveCfg = Debug|Any CPU
		{3A5FE286-91EC-47DE-8644-0A60D7026FFE}.Debug|Any CPU.Build.0 = Debug|Any CPU
		{3A5FE286-91EC-47DE-8644-0A60D7026FFE}.Release|Any CPU.ActiveCfg = Release|Any CPU
		{3A5FE286-91EC-47DE-8644-0A60D7026FFE}.Release|Any CPU.Build.0 = Release|Any CPU
	EndGlobalSection
	GlobalSection(SolutionProperties) = preSolution
		HideSolutionNode = FALSE
	EndGlobalSection
	GlobalSection(ExtensibilityGlobals) = postSolution
		SolutionGuid = {C7CFCB50-F379-4C7A-A06B-50FE14F50370}
	EndGlobalSection
EndGlobal
